
Microsoft Visual Studio Solution File, Format Version 10.00
# Visual Studio 2008
Project("{FAE04EC0-301F-11D3-BF4B-00C04F79EFBC}") = "Advice_Entry_System", "Advice_Entry_System\Advice_Entry_System.csproj", "{BA8349C1-5619-4520-9F7D-73FE382D952C}"
EndProject
Global
	GlobalSection(SolutionConfigurationPlatforms) = preSolution
		Debug|Any CPU = Debug|Any CPU
		Release|Any CPU = Release|Any CPU
	EndGlobalSection
	GlobalSection(ProjectConfigurationPlatforms) = postSolution
		{BA8349C1-5619-4520-9F7D-73FE382D952C}.Debug|Any CPU.ActiveCfg = Debug|Any CPU
		{BA8349C1-5619-4520-9F7D-73FE382D952C}.Debug|Any CPU.Build.0 = Debug|Any CPU
		{BA8349C1-5619-4520-9F7D-73FE382D952C}.Release|Any CPU.ActiveCfg = Release|Any CPU
		{BA8349C1-5619-4520-9F7D-73FE382D952C}.Release|Any CPU.Build.0 = Release|Any CPU
	EndGlobalSection
	GlobalSection(SolutionProperties) = preSolution
		HideSolutionNode = FALSE
	EndGlobalSection
EndGlobal
